
Microsoft Visual Studio Solution File, Format Version 12.00
# Visual Studio Version 16
VisualStudioVersion = 16.0.30711.63
MinimumVisualStudioVersion = 10.0.40219.1
Project("{FAE04EC0-301F-11D3-BF4B-00C04F79EFBC}") = "Timer", "Timer\Timer.csproj", "{C9B91178-786E-49A3-B565-756F14E02BE9}"
EndProject
Project("{FAE04EC0-301F-11D3-BF4B-00C04F79EFBC}") = "TimerTest", "TimerTest\TimerTest.csproj", "{65F01C62-2A16-40E0-B119-5C29163EC460}"
EndProject
Project("{FAE04EC0-301F-11D3-BF4B-00C04F79EFBC}") = "TimerLib", "TimerLib\TimerLib.csproj", "{CB844106-09BF-4F61-87C6-553BFCA9AF71}"
EndProject
Global
	GlobalSection(SolutionConfigurationPlatforms) = preSolution
		Debug|Any CPU = Debug|Any CPU
		Release|Any CPU = Release|Any CPU
	EndGlobalSection
	GlobalSection(ProjectConfigurationPlatforms) = postSolution
		{C9B91178-786E-49A3-B565-756F14E02BE9}.Debug|Any CPU.ActiveCfg = Debug|Any CPU
		{C9B91178-786E-49A3-B565-756F14E02BE9}.Debug|Any CPU.Build.0 = Debug|Any CPU
		{C9B91178-786E-49A3-B565-756F14E02BE9}.Release|Any CPU.ActiveCfg = Release|Any CPU
		{C9B91178-786E-49A3-B565-756F14E02BE9}.Release|Any CPU.Build.0 = Release|Any CPU
		{65F01C62-2A16-40E0-B119-5C29163EC460}.Debug|Any CPU.ActiveCfg = Debug|Any CPU
		{65F01C62-2A16-40E0-B119-5C29163EC460}.Debug|Any CPU.Build.0 = Debug|Any CPU
		{65F01C62-2A16-40E0-B119-5C29163EC460}.Release|Any CPU.ActiveCfg = Release|Any CPU
		{65F01C62-2A16-40E0-B119-5C29163EC460}.Release|Any CPU.Build.0 = Release|Any CPU
		{CB844106-09BF-4F61-87C6-553BFCA9AF71}.Debug|Any CPU.ActiveCfg = Debug|Any CPU
		{CB844106-09BF-4F61-87C6-553BFCA9AF71}.Debug|Any CPU.Build.0 = Debug|Any CPU
		{CB844106-09BF-4F61-87C6-553BFCA9AF71}.Release|Any CPU.ActiveCfg = Release|Any CPU
		{CB844106-09BF-4F61-87C6-553BFCA9AF71}.Release|Any CPU.Build.0 = Release|Any CPU
	EndGlobalSection
	GlobalSection(SolutionProperties) = preSolution
		HideSolutionNode = FALSE
	EndGlobalSection
	GlobalSection(ExtensibilityGlobals) = postSolution
		SolutionGuid = {75172C9C-38C9-4E91-827A-D186473DFC1F}
	EndGlobalSection
EndGlobal
